
Microsoft Visual Studio Solution File, Format Version 12.00
# Visual Studio 15
VisualStudioVersion = 15.0.27428.2037
MinimumVisualStudioVersion = 10.0.40219.1
Project("{9A19103F-16F7-4668-BE54-9A1E7A4F7556}") = "WebAppAirlineDispatcher", "WebAppAirlineDispatcher\WebAppAirlineDispatcher.csproj", "{5C1EEDFB-3096-492B-9190-7E3384419116}"
EndProject
Project("{9A19103F-16F7-4668-BE54-9A1E7A4F7556}") = "DataAccessLayer", "DataAccessLayer\DataAccessLayer.csproj", "{56B10D4F-AF00-4457-BDFC-8305C59B3D88}"
EndProject
Project("{FAE04EC0-301F-11D3-BF4B-00C04F79EFBC}") = "Shared", "Shared\Shared.csproj", "{BB737B5B-8AC6-4D1D-990F-084AD2E25417}"
EndProject
Project("{FAE04EC0-301F-11D3-BF4B-00C04F79EFBC}") = "BusinessLogicLayer", "BusinessLogicLayer\BusinessLogicLayer.csproj", "{CB8A84CE-FE11-46F2-A79B-DA5BE24AE3AB}"
EndProject
Global
	GlobalSection(SolutionConfigurationPlatforms) = preSolution
		Debug|Any CPU = Debug|Any CPU
		Release|Any CPU = Release|Any CPU
	EndGlobalSection
	GlobalSection(ProjectConfigurationPlatforms) = postSolution
		{5C1EEDFB-3096-492B-9190-7E3384419116}.Debug|Any CPU.ActiveCfg = Debug|Any CPU
		{5C1EEDFB-3096-492B-9190-7E3384419116}.Debug|Any CPU.Build.0 = Debug|Any CPU
		{5C1EEDFB-3096-492B-9190-7E3384419116}.Release|Any CPU.ActiveCfg = Release|Any CPU
		{5C1EEDFB-3096-492B-9190-7E3384419116}.Release|Any CPU.Build.0 = Release|Any CPU
		{56B10D4F-AF00-4457-BDFC-8305C59B3D88}.Debug|Any CPU.ActiveCfg = Debug|Any CPU
		{56B10D4F-AF00-4457-BDFC-8305C59B3D88}.Debug|Any CPU.Build.0 = Debug|Any CPU
		{56B10D4F-AF00-4457-BDFC-8305C59B3D88}.Release|Any CPU.ActiveCfg = Release|Any CPU
		{56B10D4F-AF00-4457-BDFC-8305C59B3D88}.Release|Any CPU.Build.0 = Release|Any CPU
		{BB737B5B-8AC6-4D1D-990F-084AD2E25417}.Debug|Any CPU.ActiveCfg = Debug|Any CPU
		{BB737B5B-8AC6-4D1D-990F-084AD2E25417}.Debug|Any CPU.Build.0 = Debug|Any CPU
		{BB737B5B-8AC6-4D1D-990F-084AD2E25417}.Release|Any CPU.ActiveCfg = Release|Any CPU
		{BB737B5B-8AC6-4D1D-990F-084AD2E25417}.Release|Any CPU.Build.0 = Release|Any CPU
		{CB8A84CE-FE11-46F2-A79B-DA5BE24AE3AB}.Debug|Any CPU.ActiveCfg = Debug|Any CPU
		{CB8A84CE-FE11-46F2-A79B-DA5BE24AE3AB}.Debug|Any CPU.Build.0 = Debug|Any CPU
		{CB8A84CE-FE11-46F2-A79B-DA5BE24AE3AB}.Release|Any CPU.ActiveCfg = Release|Any CPU
		{CB8A84CE-FE11-46F2-A79B-DA5BE24AE3AB}.Release|Any CPU.Build.0 = Release|Any CPU
	EndGlobalSection
	GlobalSection(SolutionProperties) = preSolution
		HideSolutionNode = FALSE
	EndGlobalSection
	GlobalSection(ExtensibilityGlobals) = postSolution
		SolutionGuid = {868E23FC-4694-4CCA-BFC2-85399BCA7C21}
	EndGlobalSection
EndGlobal
